
Microsoft Visual Studio Solution File, Format Version 12.00
# Visual Studio Version 16
VisualStudioVersion = 16.0.29806.167
MinimumVisualStudioVersion = 10.0.40219.1
Project("{9A19103F-16F7-4668-BE54-9A1E7A4F7556}") = "DistributedId.Core", "src\DistributedId.Core\DistributedId.Core.csproj", "{A2755318-72F2-4BD6-9CF0-DF466500707E}"
EndProject
Project("{9A19103F-16F7-4668-BE54-9A1E7A4F7556}") = "DistributedId", "src\DistributedId\DistributedId.csproj", "{CAD4AF29-89A8-4448-A5EC-98B12BB7F483}"
EndProject
Project("{FAE04EC0-301F-11D3-BF4B-00C04F79EFBC}") = "DistributedId.Web", "src\DistributedId.Web\DistributedId.Web.csproj", "{8A7F6D2A-A57F-463C-9BA5-06E4DAB92ECF}"
EndProject
Global
	GlobalSection(SolutionConfigurationPlatforms) = preSolution
		Debug|Any CPU = Debug|Any CPU
		Release|Any CPU = Release|Any CPU
	EndGlobalSection
	GlobalSection(ProjectConfigurationPlatforms) = postSolution
		{A2755318-72F2-4BD6-9CF0-DF466500707E}.Debug|Any CPU.ActiveCfg = Debug|Any CPU
		{A2755318-72F2-4BD6-9CF0-DF466500707E}.Debug|Any CPU.Build.0 = Debug|Any CPU
		{A2755318-72F2-4BD6-9CF0-DF466500707E}.Release|Any CPU.ActiveCfg = Release|Any CPU
		{A2755318-72F2-4BD6-9CF0-DF466500707E}.Release|Any CPU.Build.0 = Release|Any CPU
		{CAD4AF29-89A8-4448-A5EC-98B12BB7F483}.Debug|Any CPU.ActiveCfg = Debug|Any CPU
		{CAD4AF29-89A8-4448-A5EC-98B12BB7F483}.Debug|Any CPU.Build.0 = Debug|Any CPU
		{CAD4AF29-89A8-4448-A5EC-98B12BB7F483}.Release|Any CPU.ActiveCfg = Release|Any CPU
		{CAD4AF29-89A8-4448-A5EC-98B12BB7F483}.Release|Any CPU.Build.0 = Release|Any CPU
		{8A7F6D2A-A57F-463C-9BA5-06E4DAB92ECF}.Debug|Any CPU.ActiveCfg = Debug|Any CPU
		{8A7F6D2A-A57F-463C-9BA5-06E4DAB92ECF}.Debug|Any CPU.Build.0 = Debug|Any CPU
		{8A7F6D2A-A57F-463C-9BA5-06E4DAB92ECF}.Release|Any CPU.ActiveCfg = Release|Any CPU
		{8A7F6D2A-A57F-463C-9BA5-06E4DAB92ECF}.Release|Any CPU.Build.0 = Release|Any CPU
	EndGlobalSection
	GlobalSection(SolutionProperties) = preSolution
		HideSolutionNode = FALSE
	EndGlobalSection
	GlobalSection(ExtensibilityGlobals) = postSolution
		SolutionGuid = {4E1A7EC2-973D-4787-BDE8-959DB457424B}
	EndGlobalSection
EndGlobal
